// !$*UTF8*$!
{
	archiveVersion = 1;
	classes = {
	};
	objectVersion = 50;
	objects = {

/* Begin PBXBuildFile section */
		49B5D451257E6EBA0002C875 /* AppDelegate.swift in Sources */ = {isa = PBXBuildFile; fileRef = 49B5D450257E6EBA0002C875 /* AppDelegate.swift */; };
		49B5D453257E6EBA0002C875 /* ViewController.swift in Sources */ = {isa = PBXBuildFile; fileRef = 49B5D452257E6EBA0002C875 /* ViewController.swift */; };
		49B5D455257E6EBC0002C875 /* Assets.xcassets in Resources */ = {isa = PBXBuildFile; fileRef = 49B5D454257E6EBC0002C875 /* Assets.xcassets */; };
		49B5D458257E6EBC0002C875 /* Main.storyboard in Resources */ = {isa = PBXBuildFile; fileRef = 49B5D456257E6EBC0002C875 /* Main.storyboard */; };
/* End PBXBuildFile section */

/* Begin PBXFileReference section */
		49B5D44D257E6EBA0002C875 /* testProyobufGitSubmodule.app */ = {isa = PBXFileReference; explicitFileType = wrapper.application; includeInIndex = 0; path = testProyobufGitSubmodule.app; sourceTree = BUILT_PRODUCTS_DIR; };
		49B5D450257E6EBA0002C875 /* AppDelegate.swift */ = {isa = PBXFileReference; lastKnownFileType = sourcecode.swift; path = AppDelegate.swift; sourceTree = "<group>"; };
		49B5D452257E6EBA0002C875 /* ViewController.swift */ = {isa = PBXFileReference; lastKnownFileType = sourcecode.swift; path = ViewController.swift; sourceTree = "<group>"; };
		49B5D454257E6EBC0002C875 /* Assets.xcassets */ = {isa = PBXFileReference; lastKnownFileType = folder.assetcatalog; path = Assets.xcassets; sourceTree = "<group>"; };
		49B5D457257E6EBC0002C875 /* Base */ = {isa = PBXFileReference; lastKnownFileType = file.storyboard; name = Base; path = Base.lproj/Main.storyboard; sourceTree = "<group>"; };
		49B5D459257E6EBC0002C875 /* Info.plist */ = {isa = PBXFileReference; lastKnownFileType = text.plist.xml; path = Info.plist; sourceTree = "<group>"; };
		49B5D45A257E6EBC0002C875 /* testProyobufGitSubmodule.entitlements */ = {isa = PBXFileReference; lastKnownFileType = text.plist.entitlements; path = testProyobufGitSubmodule.entitlements; sourceTree = "<group>"; };
/* End PBXFileReference section */

/* Begin PBXFrameworksBuildPhase section */
		49B5D44A257E6EBA0002C875 /* Frameworks */ = {
			isa = PBXFrameworksBuildPhase;
			buildActionMask = 2147483647;
			files = (
			);
			runOnlyForDeploymentPostprocessing = 0;
		};
/* End PBXFrameworksBuildPhase section */

/* Begin PBXGroup section */
		49B5D444257E6EBA0002C875 = {
			isa = PBXGroup;
			children = (
				49B5D44F257E6EBA0002C875 /* testProyobufGitSubmodule */,
				49B5D44E257E6EBA0002C875 /* Products */,
			);
			sourceTree = "<group>";
		};
		49B5D44E257E6EBA0002C875 /* Products */ = {
			isa = PBXGroup;
			children = (
				49B5D44D257E6EBA0002C875 /* testProyobufGitSubmodule.app */,
			);
			name = Products;
			sourceTree = "<group>";
		};
		49B5D44F257E6EBA0002C875 /* testProyobufGitSubmodule */ = {
			isa = PBXGroup;
			children = (
				49B5D450257E6EBA0002C875 /* AppDelegate.swift */,
				49B5D452257E6EBA0002C875 /* ViewController.swift */,
				49B5D454257E6EBC0002C875 /* Assets.xcassets */,
				49B5D456257E6EBC0002C875 /* Main.storyboard */,
				49B5D459257E6EBC0002C875 /* Info.plist */,
				49B5D45A257E6EBC0002C875 /* testProyobufGitSubmodule.entitlements */,
			);
			path = testProyobufGitSubmodule;
			sourceTree = "<group>";
		};
/* End PBXGroup section */

/* Begin PBXNativeTarget section */
		49B5D44C257E6EBA0002C875 /* testProyobufGitSubmodule */ = {
			isa = PBXNativeTarget;
			buildConfigurationList = 49B5D45D257E6EBC0002C875 /* Build configuration list for PBXNativeTarget "testProyobufGitSubmodule" */;
			buildPhases = (
				49B5D449257E6EBA0002C875 /* Sources */,
				49B5D44A257E6EBA0002C875 /* Frameworks */,
				49B5D44B257E6EBA0002C875 /* Resources */,
			);
			buildRules = (
			);
			dependencies = (
			);
			name = testProyobufGitSubmodule;
			productName = testProyobufGitSubmodule;
			productReference = 49B5D44D257E6EBA0002C875 /* testProyobufGitSubmodule.app */;
			productType = "com.apple.product-type.application";
		};
/* End PBXNativeTarget section */

/* Begin PBXProject section */
		49B5D445257E6EBA0002C875 /* Project object */ = {
			isa = PBXProject;
			attributes = {
				LastSwiftUpdateCheck = 1220;
				LastUpgradeCheck = 1220;
				TargetAttributes = {
					49B5D44C257E6EBA0002C875 = {
						CreatedOnToolsVersion = 12.2;
					};
				};
			};
			buildConfigurationList = 49B5D448257E6EBA0002C875 /* Build configuration list for PBXProject "testProyobufGitSubmodule" */;
			compatibilityVersion = "Xcode 9.3";
			developmentRegion = en;
			hasScannedForEncodings = 0;
			knownRegions = (
				en,
				Base,
			);
			mainGroup = 49B5D444257E6EBA0002C875;
			productRefGroup = 49B5D44E257E6EBA0002C875 /* Products */;
			projectDirPath = "";
			projectRoot = "";
			targets = (
				49B5D44C257E6EBA0002C875 /* testProyobufGitSubmodule */,
			);
		};
/* End PBXProject section */

/* Begin PBXResourcesBuildPhase section */
		49B5D44B257E6EBA0002C875 /* Resources */ = {
			isa = PBXResourcesBuildPhase;
			buildActionMask = 2147483647;
			files = (
				49B5D455257E6EBC0002C875 /* Assets.xcassets in Resources */,
				49B5D458257E6EBC0002C875 /* Main.storyboard in Resources */,
			);
			runOnlyForDeploymentPostprocessing = 0;
		};
/* End PBXResourcesBuildPhase section */

/* Begin PBXSourcesBuildPhase section */
		49B5D449257E6EBA0002C875 /* Sources */ = {
			isa = PBXSourcesBuildPhase;
			buildActionMask = 2147483647;
			files = (
				49B5D453257E6EBA0002C875 /* ViewController.swift in Sources */,
				49B5D451257E6EBA0002C875 /* AppDelegate.swift in Sources */,
			);
			runOnlyForDeploymentPostprocessing = 0;
		};
/* End PBXSourcesBuildPhase section */

/* Begin PBXVariantGroup section */
		49B5D456257E6EBC0002C875 /* Main.storyboard */ = {
			isa = PBXVariantGroup;
			children = (
				49B5D457257E6EBC0002C875 /* Base */,
			);
			name = Main.storyboard;
			sourceTree = "<group>";
		};
/* End PBXVariantGroup section */

/* Begin XCBuildConfiguration section */
		49B5D45B257E6EBC0002C875 /* Debug */ = {
			isa = XCBuildConfiguration;
			buildSettings = {
				ALWAYS_SEARCH_USER_PATHS = NO;
				CLANG_ANALYZER_NONNULL = YES;
				CLANG_ANALYZER_NUMBER_OBJECT_CONVERSION = YES_AGGRESSIVE;
				CLANG_CXX_LANGUAGE_STANDARD = "gnu++14";
				CLANG_CXX_LIBRARY = "libc++";
				CLANG_ENABLE_MODULES = YES;
				CLANG_ENABLE_OBJC_ARC = YES;
				CLANG_ENABLE_OBJC_WEAK = YES;
				CLANG_WARN_BLOCK_CAPTURE_AUTORELEASING = YES;
				CLANG_WARN_BOOL_CONVERSION = YES;
				CLANG_WARN_COMMA = YES;
				CLANG_WARN_CONSTANT_CONVERSION = YES;
				CLANG_WARN_DEPRECATED_OBJC_IMPLEMENTATIONS = YES;
				CLANG_WARN_DIRECT_OBJC_ISA_USAGE = YES_ERROR;
				CLANG_WARN_DOCUMENTATION_COMMENTS = YES;
				CLANG_WARN_EMPTY_BODY = YES;
				CLANG_WARN_ENUM_CONVERSION = YES;
				CLANG_WARN_INFINITE_RECURSION = YES;
				CLANG_WARN_INT_CONVERSION = YES;
				CLANG_WARN_NON_LITERAL_NULL_CONVERSION = YES;
				CLANG_WARN_OBJC_IMPLICIT_RETAIN_SELF = YES;
				CLANG_WARN_OBJC_LITERAL_CONVERSION = YES;
				CLANG_WARN_OBJC_ROOT_CLASS = YES_ERROR;
				CLANG_WARN_QUOTED_INCLUDE_IN_FRAMEWORK_HEADER = YES;
				CLANG_WARN_RANGE_LOOP_ANALYSIS = YES;
				CLANG_WARN_STRICT_PROTOTYPES = YES;
				CLANG_WARN_SUSPICIOUS_MOVE = YES;
				CLANG_WARN_UNGUARDED_AVAILABILITY = YES_AGGRESSIVE;
				CLANG_WARN_UNREACHABLE_CODE = YES;
				CLANG_WARN__DUPLICATE_METHOD_MATCH = YES;
				COPY_PHASE_STRIP = NO;
				DEBUG_INFORMATION_FORMAT = dwarf;
				ENABLE_STRICT_OBJC_MSGSEND = YES;
				ENABLE_TESTABILITY = YES;
				GCC_C_LANGUAGE_STANDARD = gnu11;
				GCC_DYNAMIC_NO_PIC = NO;
				GCC_NO_COMMON_BLOCKS = YES;
				GCC_OPTIMIZATION_LEVEL = 0;
				GCC_PREPROCESSOR_DEFINITIONS = (
					"DEBUG=1",
					"$(inherited)",
				);
				GCC_WARN_64_TO_32_BIT_CONVERSION = YES;
				GCC_WARN_ABOUT_RETURN_TYPE = YES_ERROR;
				GCC_WARN_UNDECLARED_SELECTOR = YES;
				GCC_WARN_UNINITIALIZED_AUTOS = YES_AGGRESSIVE;
				GCC_WARN_UNUSED_FUNCTION = YES;
				GCC_WARN_UNUSED_VARIABLE = YES;
				MACOSX_DEPLOYMENT_TARGET = 11.0;
				MTL_ENABLE_DEBUG_INFO = INCLUDE_SOURCE;
				MTL_FAST_MATH = YES;
				ONLY_ACTIVE_ARCH = YES;
				SDKROOT = macosx;
				SWIFT_ACTIVE_COMPILATION_CONDITIONS = DEBUG;
				SWIFT_OPTIMIZATION_LEVEL = "-Onone";
			};
			name = Debug;
		};
		49B5D45C257E6EBC0002C875 /* Release */ = {
			isa = XCBuildConfiguration;
			buildSettings = {
				ALWAYS_SEARCH_USER_PATHS = NO;
				CLANG_ANALYZER_NONNULL = YES;
				CLANG_ANALYZER_NUMBER_OBJECT_CONVERSION = YES_AGGRESSIVE;
				CLANG_CXX_LANGUAGE_STANDARD = "gnu++14";
				CLANG_CXX_LIBRARY = "libc++";
				CLANG_ENABLE_MODULES = YES;
				CLANG_ENABLE_OBJC_ARC = YES;
				CLANG_ENABLE_OBJC_WEAK = YES;
				CLANG_WARN_BLOCK_CAPTURE_AUTORELEASING = YES;
				CLANG_WARN_BOOL_CONVERSION = YES;
				CLANG_WARN_COMMA = YES;
				CLANG_WARN_CONSTANT_CONVERSION = YES;
				CLANG_WARN_DEPRECATED_OBJC_IMPLEMENTATIONS = YES;
				CLANG_WARN_DIRECT_OBJC_ISA_USAGE = YES_ERROR;
				CLANG_WARN_DOCUMENTATION_COMMENTS = YES;
				CLANG_WARN_EMPTY_BODY = YES;
				CLANG_WARN_ENUM_CONVERSION = YES;
				CLANG_WARN_INFINITE_RECURSION = YES;
				CLANG_WARN_INT_CONVERSION = YES;
				CLANG_WARN_NON_LITERAL_NULL_CONVERSION = YES;
				CLANG_WARN_OBJC_IMPLICIT_RETAIN_SELF = YES;
				CLANG_WARN_OBJC_LITERAL_CONVERSION = YES;
				CLANG_WARN_OBJC_ROOT_CLASS = YES_ERROR;
				CLANG_WARN_QUOTED_INCLUDE_IN_FRAMEWORK_HEADER = YES;
				CLANG_WARN_RANGE_LOOP_ANALYSIS = YES;
				CLANG_WARN_STRICT_PROTOTYPES = YES;
				CLANG_WARN_SUSPICIOUS_MOVE = YES;
				CLANG_WARN_UNGUARDED_AVAILABILITY = YES_AGGRESSIVE;
				CLANG_WARN_UNREACHABLE_CODE = YES;
				CLANG_WARN__DUPLICATE_METHOD_MATCH = YES;
				COPY_PHASE_STRIP = NO;
				DEBUG_INFORMATION_FORMAT = "dwarf-with-dsym";
				ENABLE_NS_ASSERTIONS = NO;
				ENABLE_STRICT_OBJC_MSGSEND = YES;
				GCC_C_LANGUAGE_STANDARD = gnu11;
				GCC_NO_COMMON_BLOCKS = YES;
				GCC_WARN_64_TO_32_BIT_CONVERSION = YES;
				GCC_WARN_ABOUT_RETURN_TYPE = YES_ERROR;
				GCC_WARN_UNDECLARED_SELECTOR = YES;
				GCC_WARN_UNINITIALIZED_AUTOS = YES_AGGRESSIVE;
				GCC_WARN_UNUSED_FUNCTION = YES;
				GCC_WARN_UNUSED_VARIABLE = YES;
				MACOSX_DEPLOYMENT_TARGET = 11.0;
				MTL_ENABLE_DEBUG_INFO = NO;
				MTL_FAST_MATH = YES;
				SDKROOT = macosx;
				SWIFT_COMPILATION_MODE = wholemodule;
				SWIFT_OPTIMIZATION_LEVEL = "-O";
			};
			name = Release;
		};
		49B5D45E257E6EBC0002C875 /* Debug */ = {
			isa = XCBuildConfiguration;
			buildSettings = {
				ASSETCATALOG_COMPILER_APPICON_NAME = AppIcon;
				ASSETCATALOG_COMPILER_GLOBAL_ACCENT_COLOR_NAME = AccentColor;
				CODE_SIGN_ENTITLEMENTS = testProyobufGitSubmodule/testProyobufGitSubmodule.entitlements;
				CODE_SIGN_STYLE = Automatic;
				COMBINE_HIDPI_IMAGES = YES;
				DEVELOPMENT_TEAM = F8PC5YP3UQ;
				ENABLE_HARDENED_RUNTIME = YES;
				INFOPLIST_FILE = testProyobufGitSubmodule/Info.plist;
				LD_RUNPATH_SEARCH_PATHS = (
					"$(inherited)",
					"@executable_path/../Frameworks",
				);
				PRODUCT_BUNDLE_IDENTIFIER = OleksiiShulzhenko.testProyobufGitSubmodule;
				PRODUCT_NAME = "$(TARGET_NAME)";
				SWIFT_VERSION = 5.0;
			};
			name = Debug;
		};
		49B5D45F257E6EBC0002C875 /* Release */ = {
			isa = XCBuildConfiguration;
			buildSettings = {
				ASSETCATALOG_COMPILER_APPICON_NAME = AppIcon;
				ASSETCATALOG_COMPILER_GLOBAL_ACCENT_COLOR_NAME = AccentColor;
				CODE_SIGN_ENTITLEMENTS = testProyobufGitSubmodule/testProyobufGitSubmodule.entitlements;
				CODE_SIGN_STYLE = Automatic;
				COMBINE_HIDPI_IMAGES = YES;
				DEVELOPMENT_TEAM = F8PC5YP3UQ;
				ENABLE_HARDENED_RUNTIME = YES;
				INFOPLIST_FILE = testProyobufGitSubmodule/Info.plist;
				LD_RUNPATH_SEARCH_PATHS = (
					"$(inherited)",
					"@executable_path/../Frameworks",
				);
				PRODUCT_BUNDLE_IDENTIFIER = OleksiiShulzhenko.testProyobufGitSubmodule;
				PRODUCT_NAME = "$(TARGET_NAME)";
				SWIFT_VERSION = 5.0;
			};
			name = Release;
		};
/* End XCBuildConfiguration section */

/* Begin XCConfigurationList section */
		49B5D448257E6EBA0002C875 /* Build configuration list for PBXProject "testProyobufGitSubmodule" */ = {
			isa = XCConfigurationList;
			buildConfigurations = (
				49B5D45B257E6EBC0002C875 /* Debug */,
				49B5D45C257E6EBC0002C875 /* Release */,
			);
			defaultConfigurationIsVisible = 0;
			defaultConfigurationName = Release;
		};
		49B5D45D257E6EBC0002C875 /* Build configuration list for PBXNativeTarget "testProyobufGitSubmodule" */ = {
			isa = XCConfigurationList;
			buildConfigurations = (
				49B5D45E257E6EBC0002C875 /* Debug */,
				49B5D45F257E6EBC0002C875 /* Release */,
			);
			defaultConfigurationIsVisible = 0;
			defaultConfigurationName = Release;
		};
/* End XCConfigurationList section */
	};
	rootObject = 49B5D445257E6EBA0002C875 /* Project object */;
}
